
Microsoft Visual Studio Solution File, Format Version 12.00
# Visual Studio Version 17
VisualStudioVersion = 17.14.36109.1 d17.14
MinimumVisualStudioVersion = 10.0.40219.1
Project("{8BC9CEB8-8B4A-11D0-8D11-00A0C91BC942}") = "HW04.07.2025", "HW04.07.2025.vcxproj", "{F9079B51-B1CC-4313-919D-0E663BE2B1DC}"
EndProject
Global
	GlobalSection(SolutionConfigurationPlatforms) = preSolution
		Debug|x64 = Debug|x64
		Debug|x86 = Debug|x86
		Release|x64 = Release|x64
		Release|x86 = Release|x86
	EndGlobalSection
	GlobalSection(ProjectConfigurationPlatforms) = postSolution
		{F9079B51-B1CC-4313-919D-0E663BE2B1DC}.Debug|x64.ActiveCfg = Debug|x64
		{F9079B51-B1CC-4313-919D-0E663BE2B1DC}.Debug|x64.Build.0 = Debug|x64
		{F9079B51-B1CC-4313-919D-0E663BE2B1DC}.Debug|x86.ActiveCfg = Debug|Win32
		{F9079B51-B1CC-4313-919D-0E663BE2B1DC}.Debug|x86.Build.0 = Debug|Win32
		{F9079B51-B1CC-4313-919D-0E663BE2B1DC}.Release|x64.ActiveCfg = Release|x64
		{F9079B51-B1CC-4313-919D-0E663BE2B1DC}.Release|x64.Build.0 = Release|x64
		{F9079B51-B1CC-4313-919D-0E663BE2B1DC}.Release|x86.ActiveCfg = Release|Win32
		{F9079B51-B1CC-4313-919D-0E663BE2B1DC}.Release|x86.Build.0 = Release|Win32
	EndGlobalSection
	GlobalSection(SolutionProperties) = preSolution
		HideSolutionNode = FALSE
	EndGlobalSection
	GlobalSection(ExtensibilityGlobals) = postSolution
		SolutionGuid = {32B81456-0540-4AD7-BEF3-71A7528AF395}
	EndGlobalSection
EndGlobal
